
Microsoft Visual Studio Solution File, Format Version 12.00
Project("{FAE04EC0-301F-11D3-BF4B-00C04F79EFBC}") = "Daulis", "Daulis\Daulis.csproj", "{87D8E23A-BCF0-4804-8492-378F0C589285}"
EndProject
Project("{F2A71F9B-5D33-465A-A702-920D77279786}") = "Daulis.FSharp", "Daulis.FSharp\Daulis.FSharp.fsproj", "{3B14C182-BF65-496A-9CA3-4B87EC35B9A8}"
EndProject
Global
	GlobalSection(SolutionConfigurationPlatforms) = preSolution
		Debug|Any CPU = Debug|Any CPU
		Release|Any CPU = Release|Any CPU
	EndGlobalSection
	GlobalSection(ProjectConfigurationPlatforms) = postSolution
		{87D8E23A-BCF0-4804-8492-378F0C589285}.Debug|Any CPU.ActiveCfg = Debug|Any CPU
		{87D8E23A-BCF0-4804-8492-378F0C589285}.Debug|Any CPU.Build.0 = Debug|Any CPU
		{87D8E23A-BCF0-4804-8492-378F0C589285}.Release|Any CPU.ActiveCfg = Release|Any CPU
		{87D8E23A-BCF0-4804-8492-378F0C589285}.Release|Any CPU.Build.0 = Release|Any CPU
		{3B14C182-BF65-496A-9CA3-4B87EC35B9A8}.Debug|Any CPU.ActiveCfg = Debug|Any CPU
		{3B14C182-BF65-496A-9CA3-4B87EC35B9A8}.Debug|Any CPU.Build.0 = Debug|Any CPU
		{3B14C182-BF65-496A-9CA3-4B87EC35B9A8}.Release|Any CPU.ActiveCfg = Release|Any CPU
		{3B14C182-BF65-496A-9CA3-4B87EC35B9A8}.Release|Any CPU.Build.0 = Release|Any CPU
	EndGlobalSection
EndGlobal
